
Microsoft Visual Studio Solution File, Format Version 12.00
# Visual Studio 15
VisualStudioVersion = 15.0.27130.2027
MinimumVisualStudioVersion = 10.0.40219.1
Project("{FAE04EC0-301F-11D3-BF4B-00C04F79EFBC}") = "Module2TutorialLab2", "Module2TutorialLab2\Module2TutorialLab2.csproj", "{66A196A4-83D4-4480-B3EC-D2F9A4E67039}"
EndProject
Global
	GlobalSection(SolutionConfigurationPlatforms) = preSolution
		Debug|Any CPU = Debug|Any CPU
		Release|Any CPU = Release|Any CPU
	EndGlobalSection
	GlobalSection(ProjectConfigurationPlatforms) = postSolution
		{66A196A4-83D4-4480-B3EC-D2F9A4E67039}.Debug|Any CPU.ActiveCfg = Debug|Any CPU
		{66A196A4-83D4-4480-B3EC-D2F9A4E67039}.Debug|Any CPU.Build.0 = Debug|Any CPU
		{66A196A4-83D4-4480-B3EC-D2F9A4E67039}.Release|Any CPU.ActiveCfg = Release|Any CPU
		{66A196A4-83D4-4480-B3EC-D2F9A4E67039}.Release|Any CPU.Build.0 = Release|Any CPU
	EndGlobalSection
	GlobalSection(SolutionProperties) = preSolution
		HideSolutionNode = FALSE
	EndGlobalSection
	GlobalSection(ExtensibilityGlobals) = postSolution
		SolutionGuid = {DE0FB74E-1903-41C3-9BED-DB03DC78BBCB}
	EndGlobalSection
EndGlobal
