
Microsoft Visual Studio Solution File, Format Version 12.00
# Visual Studio 15
VisualStudioVersion = 15.0.27130.2027
MinimumVisualStudioVersion = 10.0.40219.1
Project("{FAE04EC0-301F-11D3-BF4B-00C04F79EFBC}") = "Module3SelfAssessmentLab", "Module3SelfAssessmentLab\Module3SelfAssessmentLab.csproj", "{03947682-8584-4C26-981E-925AC17DAAA0}"
EndProject
Global
	GlobalSection(SolutionConfigurationPlatforms) = preSolution
		Debug|Any CPU = Debug|Any CPU
		Release|Any CPU = Release|Any CPU
	EndGlobalSection
	GlobalSection(ProjectConfigurationPlatforms) = postSolution
		{03947682-8584-4C26-981E-925AC17DAAA0}.Debug|Any CPU.ActiveCfg = Debug|Any CPU
		{03947682-8584-4C26-981E-925AC17DAAA0}.Debug|Any CPU.Build.0 = Debug|Any CPU
		{03947682-8584-4C26-981E-925AC17DAAA0}.Release|Any CPU.ActiveCfg = Release|Any CPU
		{03947682-8584-4C26-981E-925AC17DAAA0}.Release|Any CPU.Build.0 = Release|Any CPU
	EndGlobalSection
	GlobalSection(SolutionProperties) = preSolution
		HideSolutionNode = FALSE
	EndGlobalSection
	GlobalSection(ExtensibilityGlobals) = postSolution
		SolutionGuid = {1F4AFFE0-C700-406F-A023-5FE84075250F}
	EndGlobalSection
EndGlobal
