
Microsoft Visual Studio Solution File, Format Version 12.00
# Visual Studio 15
VisualStudioVersion = 15.0.27130.2027
MinimumVisualStudioVersion = 10.0.40219.1
Project("{FAE04EC0-301F-11D3-BF4B-00C04F79EFBC}") = "Module2SelfAssessmentLab", "Module2SelfAssessmentLab\Module2SelfAssessmentLab.csproj", "{AA309F46-F53F-4D36-BB25-668B4BFC46A8}"
EndProject
Global
	GlobalSection(SolutionConfigurationPlatforms) = preSolution
		Debug|Any CPU = Debug|Any CPU
		Release|Any CPU = Release|Any CPU
	EndGlobalSection
	GlobalSection(ProjectConfigurationPlatforms) = postSolution
		{AA309F46-F53F-4D36-BB25-668B4BFC46A8}.Debug|Any CPU.ActiveCfg = Debug|Any CPU
		{AA309F46-F53F-4D36-BB25-668B4BFC46A8}.Debug|Any CPU.Build.0 = Debug|Any CPU
		{AA309F46-F53F-4D36-BB25-668B4BFC46A8}.Release|Any CPU.ActiveCfg = Release|Any CPU
		{AA309F46-F53F-4D36-BB25-668B4BFC46A8}.Release|Any CPU.Build.0 = Release|Any CPU
	EndGlobalSection
	GlobalSection(SolutionProperties) = preSolution
		HideSolutionNode = FALSE
	EndGlobalSection
	GlobalSection(ExtensibilityGlobals) = postSolution
		SolutionGuid = {0F44287A-6283-417A-8E3F-30D3636A5E97}
	EndGlobalSection
EndGlobal
